
Microsoft Visual Studio Solution File, Format Version 12.00
# Visual Studio Version 17
VisualStudioVersion = 17.14.36915.13
MinimumVisualStudioVersion = 10.0.40219.1
Project("{FAE04EC0-301F-11D3-BF4B-00C04F79EFBC}") = "CyberSecurityChatbot", "CyberSecurityChatbot\CyberSecurityChatbot.csproj", "{A7F05325-E9BB-48D1-A34A-E8BE39F3D244}"
EndProject
Project("{FAE04EC0-301F-11D3-BF4B-00C04F79EFBC}") = "CyberSecurityChatbotGUI", "WpfApp1\CyberSecurityChatbotGUI.csproj", "{2ABA520F-D42B-4DA1-BB56-D4BE5A7272F3}"
EndProject
Global
	GlobalSection(SolutionConfigurationPlatforms) = preSolution
		Debug|Any CPU = Debug|Any CPU
		Release|Any CPU = Release|Any CPU
	EndGlobalSection
	GlobalSection(ProjectConfigurationPlatforms) = postSolution
		{A7F05325-E9BB-48D1-A34A-E8BE39F3D244}.Debug|Any CPU.ActiveCfg = Debug|Any CPU
		{A7F05325-E9BB-48D1-A34A-E8BE39F3D244}.Debug|Any CPU.Build.0 = Debug|Any CPU
		{A7F05325-E9BB-48D1-A34A-E8BE39F3D244}.Release|Any CPU.ActiveCfg = Release|Any CPU
		{A7F05325-E9BB-48D1-A34A-E8BE39F3D244}.Release|Any CPU.Build.0 = Release|Any CPU
		{2ABA520F-D42B-4DA1-BB56-D4BE5A7272F3}.Debug|Any CPU.ActiveCfg = Debug|Any CPU
		{2ABA520F-D42B-4DA1-BB56-D4BE5A7272F3}.Debug|Any CPU.Build.0 = Debug|Any CPU
		{2ABA520F-D42B-4DA1-BB56-D4BE5A7272F3}.Release|Any CPU.ActiveCfg = Release|Any CPU
		{2ABA520F-D42B-4DA1-BB56-D4BE5A7272F3}.Release|Any CPU.Build.0 = Release|Any CPU
	EndGlobalSection
	GlobalSection(SolutionProperties) = preSolution
		HideSolutionNode = FALSE
	EndGlobalSection
	GlobalSection(ExtensibilityGlobals) = postSolution
		SolutionGuid = {C2DC4876-D7F9-4E47-A4DC-97AC2EF58660}
	EndGlobalSection
EndGlobal
